
Microsoft Visual Studio Solution File, Format Version 12.00
# Visual Studio Version 17
VisualStudioVersion = 17.7.34202.233
MinimumVisualStudioVersion = 10.0.40219.1
Project("{8BC9CEB8-8B4A-11D0-8D11-00A0C91BC942}") = "ЛР3_2", "ЛР3_2.vcxproj", "{99553A41-3EB3-403D-B1F1-962A4CEE7B83}"
EndProject
Global
	GlobalSection(SolutionConfigurationPlatforms) = preSolution
		Debug|x64 = Debug|x64
		Debug|x86 = Debug|x86
		Release|x64 = Release|x64
		Release|x86 = Release|x86
	EndGlobalSection
	GlobalSection(ProjectConfigurationPlatforms) = postSolution
		{99553A41-3EB3-403D-B1F1-962A4CEE7B83}.Debug|x64.ActiveCfg = Debug|x64
		{99553A41-3EB3-403D-B1F1-962A4CEE7B83}.Debug|x64.Build.0 = Debug|x64
		{99553A41-3EB3-403D-B1F1-962A4CEE7B83}.Debug|x86.ActiveCfg = Debug|Win32
		{99553A41-3EB3-403D-B1F1-962A4CEE7B83}.Debug|x86.Build.0 = Debug|Win32
		{99553A41-3EB3-403D-B1F1-962A4CEE7B83}.Release|x64.ActiveCfg = Release|x64
		{99553A41-3EB3-403D-B1F1-962A4CEE7B83}.Release|x64.Build.0 = Release|x64
		{99553A41-3EB3-403D-B1F1-962A4CEE7B83}.Release|x86.ActiveCfg = Release|Win32
		{99553A41-3EB3-403D-B1F1-962A4CEE7B83}.Release|x86.Build.0 = Release|Win32
	EndGlobalSection
	GlobalSection(SolutionProperties) = preSolution
		HideSolutionNode = FALSE
	EndGlobalSection
	GlobalSection(ExtensibilityGlobals) = postSolution
		SolutionGuid = {E2838BEA-5949-4518-84D1-CF15D96F947B}
	EndGlobalSection
EndGlobal
